
Microsoft Visual Studio Solution File, Format Version 12.00
# Visual Studio Version 17
VisualStudioVersion = 17.3.32929.385
MinimumVisualStudioVersion = 10.0.40219.1
Project("{9A19103F-16F7-4668-BE54-9A1E7A4F7556}") = "TwinspireCS", "TwinspireCS\TwinspireCS.csproj", "{266D8135-0467-46E9-98E0-62092462C3CC}"
EndProject
Project("{FAE04EC0-301F-11D3-BF4B-00C04F79EFBC}") = "TwinspireCS.Tiled", "TwinspireCS.Tiled\TwinspireCS.Tiled.csproj", "{B1EBD4EB-DA66-4917-B4CB-6A6139F433BC}"
EndProject
Global
	GlobalSection(SolutionConfigurationPlatforms) = preSolution
		Debug Professional|Any CPU = Debug Professional|Any CPU
		Debug|Any CPU = Debug|Any CPU
		Release Professional|Any CPU = Release Professional|Any CPU
		Release|Any CPU = Release|Any CPU
	EndGlobalSection
	GlobalSection(ProjectConfigurationPlatforms) = postSolution
		{266D8135-0467-46E9-98E0-62092462C3CC}.Debug Professional|Any CPU.ActiveCfg = Debug Professional|Any CPU
		{266D8135-0467-46E9-98E0-62092462C3CC}.Debug Professional|Any CPU.Build.0 = Debug Professional|Any CPU
		{266D8135-0467-46E9-98E0-62092462C3CC}.Debug|Any CPU.ActiveCfg = Debug|Any CPU
		{266D8135-0467-46E9-98E0-62092462C3CC}.Debug|Any CPU.Build.0 = Debug|Any CPU
		{266D8135-0467-46E9-98E0-62092462C3CC}.Release Professional|Any CPU.ActiveCfg = Release Professional|Any CPU
		{266D8135-0467-46E9-98E0-62092462C3CC}.Release Professional|Any CPU.Build.0 = Release Professional|Any CPU
		{266D8135-0467-46E9-98E0-62092462C3CC}.Release|Any CPU.ActiveCfg = Release|Any CPU
		{266D8135-0467-46E9-98E0-62092462C3CC}.Release|Any CPU.Build.0 = Release|Any CPU
		{B1EBD4EB-DA66-4917-B4CB-6A6139F433BC}.Debug Professional|Any CPU.ActiveCfg = Debug|Any CPU
		{B1EBD4EB-DA66-4917-B4CB-6A6139F433BC}.Debug Professional|Any CPU.Build.0 = Debug|Any CPU
		{B1EBD4EB-DA66-4917-B4CB-6A6139F433BC}.Debug|Any CPU.ActiveCfg = Debug|Any CPU
		{B1EBD4EB-DA66-4917-B4CB-6A6139F433BC}.Debug|Any CPU.Build.0 = Debug|Any CPU
		{B1EBD4EB-DA66-4917-B4CB-6A6139F433BC}.Release Professional|Any CPU.ActiveCfg = Release|Any CPU
		{B1EBD4EB-DA66-4917-B4CB-6A6139F433BC}.Release Professional|Any CPU.Build.0 = Release|Any CPU
		{B1EBD4EB-DA66-4917-B4CB-6A6139F433BC}.Release|Any CPU.ActiveCfg = Release|Any CPU
		{B1EBD4EB-DA66-4917-B4CB-6A6139F433BC}.Release|Any CPU.Build.0 = Release|Any CPU
	EndGlobalSection
	GlobalSection(SolutionProperties) = preSolution
		HideSolutionNode = FALSE
	EndGlobalSection
	GlobalSection(ExtensibilityGlobals) = postSolution
		SolutionGuid = {750C22B8-6FEE-4612-AF18-E88C5089CC47}
	EndGlobalSection
EndGlobal
